PODS:
  - HaishinKit (1.1.0):
    - Logboard (~> 2.2.0)
  - Logboard (2.2.0)

DEPENDENCIES:
  - HaishinKit (~> 1.1.0)

SPEC REPOS:
  https://github.com/CocoaPods/Specs.git:
    - HaishinKit
    - Logboard

SPEC CHECKSUMS:
  HaishinKit: e74d7d7ae19045ca47472c41304d82001a23b39f
  Logboard: b185f536297db9defd75b78ff75a7371769700d8

PODFILE CHECKSUM: 75c399c09c53eb5b9be5d8c4e7742fac3f50944e

COCOAPODS: 1.9.3
